{
  "name": "75829073-html-type",
  "lockfileVersion": 2,
  "requires": true,
  "packages": {
    "": {
      "devDependencies": {
        "@webgpu/types": "^0.1.39"
      }
    },
    "node_modules/@webgpu/types": {
      "version": "0.1.39",
      "resolved": "https://registry.npmjs.org/@webgpu/types/-/types-0.1.39.tgz",
      "integrity": "sha512-sSVNnZpvHMnVX4KLAIx6RSQj2jTIoA4NCQTayarQskTqfrflWVXBZttEhIYWg4mJBW9No8q0g2PFCx2QEnIj/Q==",
      "dev": true
    }
  },
  "dependencies": {
    "@webgpu/types": {
      "version": "0.1.39",
      "resolved": "https://registry.npmjs.org/@webgpu/types/-/types-0.1.39.tgz",
      "integrity": "sha512-sSVNnZpvHMnVX4KLAIx6RSQj2jTIoA4NCQTayarQskTqfrflWVXBZttEhIYWg4mJBW9No8q0g2PFCx2QEnIj/Q==",
      "dev": true
    }
  }
}
